
Microsoft Visual Studio Solution File, Format Version 12.00
Project("{FAE04EC0-301F-11D3-BF4B-00C04F79EFBC}") = "Interfaces", "Interfaces\Interfaces.csproj", "{DEC26A23-D17E-4833-980A-A4103E95D585}"
EndProject
Project("{FAE04EC0-301F-11D3-BF4B-00C04F79EFBC}") = "Message", "Message\Message.csproj", "{7011BD2D-F23D-4F56-B3E2-70103281A499}"
EndProject
Project("{FAE04EC0-301F-11D3-BF4B-00C04F79EFBC}") = "Base", "Base\Base.csproj", "{5B50D070-5202-4023-AD0F-B6C5993A72CD}"
EndProject
Project("{2150E333-8FDC-42A3-9474-1A3956D46DE8}") = "Third", "Third", "{780A5387-63AE-4B96-B3C7-24E2CB49F29D}"
EndProject
Project("{FAE04EC0-301F-11D3-BF4B-00C04F79EFBC}") = "ExcelMapper", "Third\ExcelMapper\ExcelMapper.csproj", "{7594C65B-8DB9-449F-A8AF-183B0105D7EA}"
EndProject
Project("{FAE04EC0-301F-11D3-BF4B-00C04F79EFBC}") = "Common", "Common\Common.csproj", "{396FF2C4-4A65-4613-AF95-18BB31AEEF45}"
EndProject
Project("{2150E333-8FDC-42A3-9474-1A3956D46DE8}") = "Home", "Home", "{7CC59173-D906-45E0-B6AE-E06E2C1C3A2F}"
EndProject
Project("{2150E333-8FDC-42A3-9474-1A3956D46DE8}") = "World", "World", "{0B0A5734-773C-4F3E-B537-4DC36400BF9B}"
EndProject
Project("{2150E333-8FDC-42A3-9474-1A3956D46DE8}") = "Gate", "Gate", "{4C922A78-46C7-4360-8D84-E85ACFE498BD}"
EndProject
Project("{2150E333-8FDC-42A3-9474-1A3956D46DE8}") = "Login", "Login", "{CF057F1D-6A81-4443-86FB-A256829E2EBF}"
EndProject
Project("{FAE04EC0-301F-11D3-BF4B-00C04F79EFBC}") = "World.Model", "World\World.Model\World.Model.csproj", "{5B081477-5F6F-4E53-8D8E-46F8CF83524B}"
EndProject
Project("{FAE04EC0-301F-11D3-BF4B-00C04F79EFBC}") = "World.Hotfix", "World\World.Hotfix\World.Hotfix.csproj", "{DFD78914-04AF-4127-A0E4-A8E2E37D6864}"
EndProject
Project("{FAE04EC0-301F-11D3-BF4B-00C04F79EFBC}") = "World.Grains", "World\World.Grains\World.Grains.csproj", "{AB0575AF-235F-495A-ABFE-60EFAA5F493D}"
EndProject
Project("{FAE04EC0-301F-11D3-BF4B-00C04F79EFBC}") = "Login.Grains", "Login\Login.Grains\Login.Grains.csproj", "{71483200-0903-41FD-87E8-AA57AFE2EAB7}"
EndProject
Project("{FAE04EC0-301F-11D3-BF4B-00C04F79EFBC}") = "Login.Model", "Login\Login.Model\Login.Model.csproj", "{B2329D59-4721-4CFD-9EBF-7A61B6DACE4C}"
EndProject
Project("{FAE04EC0-301F-11D3-BF4B-00C04F79EFBC}") = "Login.Hotfix", "Login\Login.Hotfix\Login.Hotfix.csproj", "{10C0AB35-D987-4270-9F5C-354B77641BFF}"
EndProject
Project("{FAE04EC0-301F-11D3-BF4B-00C04F79EFBC}") = "Home.Hotfix", "Home\Home.Hotfix\Home.Hotfix.csproj", "{FA0AAE85-4E21-4023-8D6D-836095F9E75F}"
EndProject
Project("{FAE04EC0-301F-11D3-BF4B-00C04F79EFBC}") = "Home.Grains", "Home\Home.Grains\Home.Grains.csproj", "{77198F39-E0A7-43DB-80C7-B9E41974492D}"
EndProject
Project("{FAE04EC0-301F-11D3-BF4B-00C04F79EFBC}") = "Home.Model", "Home\Home.Model\Home.Model.csproj", "{4A4940F2-AEF5-4CB7-A612-6649D87026BC}"
EndProject
Project("{FAE04EC0-301F-11D3-BF4B-00C04F79EFBC}") = "Gate.Hotfix", "Gate\Gate.Hotfix\Gate.Hotfix.csproj", "{EF80D888-C953-47B6-9FBE-90C71A35EFD5}"
EndProject
Project("{FAE04EC0-301F-11D3-BF4B-00C04F79EFBC}") = "Gate.Model", "Gate\Gate.Model\Gate.Model.csproj", "{2D550272-22C3-4B94-952A-2704D9C13F85}"
EndProject
Project("{2150E333-8FDC-42A3-9474-1A3956D46DE8}") = "Tools", "Tools", "{45384A0C-CB48-4C97-8DDB-8EA9B66F1D77}"
EndProject
Project("{2150E333-8FDC-42A3-9474-1A3956D46DE8}") = "Boot", "Boot", "{D9B1645F-DC6A-4D10-8630-A3CEFF3869D1}"
EndProject
Project("{FAE04EC0-301F-11D3-BF4B-00C04F79EFBC}") = "HomeBoot", "Boot\HomeBoot\HomeBoot.csproj", "{0DB59284-272E-4CCD-8D42-71F48FDE56B5}"
EndProject
Project("{FAE04EC0-301F-11D3-BF4B-00C04F79EFBC}") = "WorldBoot", "Boot\WorldBoot\WorldBoot.csproj", "{97CCD644-BB65-472F-95F7-4B406D772229}"
EndProject
Project("{FAE04EC0-301F-11D3-BF4B-00C04F79EFBC}") = "GateBoot", "Boot\GateBoot\GateBoot.csproj", "{8CDA970F-344C-4EA4-AD7D-1DC483A8F02D}"
EndProject
Project("{FAE04EC0-301F-11D3-BF4B-00C04F79EFBC}") = "LoginBoot", "Boot\LoginBoot\LoginBoot.csproj", "{5A4BC34D-7B81-4512-8396-3F187D26298A}"
EndProject
Project("{FAE04EC0-301F-11D3-BF4B-00C04F79EFBC}") = "Proto2CS", "Tools\Proto2CS\Proto2CS.csproj", "{3B06E265-2EAF-496B-BC93-B92E113DA12C}"
EndProject
Global
	GlobalSection(SolutionConfigurationPlatforms) = preSolution
		Debug|Any CPU = Debug|Any CPU
		Release|Any CPU = Release|Any CPU
	EndGlobalSection
	GlobalSection(ProjectConfigurationPlatforms) = postSolution
		{DEC26A23-D17E-4833-980A-A4103E95D585}.Debug|Any CPU.ActiveCfg = Debug|Any CPU
		{DEC26A23-D17E-4833-980A-A4103E95D585}.Debug|Any CPU.Build.0 = Debug|Any CPU
		{DEC26A23-D17E-4833-980A-A4103E95D585}.Release|Any CPU.ActiveCfg = Release|Any CPU
		{DEC26A23-D17E-4833-980A-A4103E95D585}.Release|Any CPU.Build.0 = Release|Any CPU
		{7011BD2D-F23D-4F56-B3E2-70103281A499}.Debug|Any CPU.ActiveCfg = Debug|Any CPU
		{7011BD2D-F23D-4F56-B3E2-70103281A499}.Debug|Any CPU.Build.0 = Debug|Any CPU
		{7011BD2D-F23D-4F56-B3E2-70103281A499}.Release|Any CPU.ActiveCfg = Release|Any CPU
		{7011BD2D-F23D-4F56-B3E2-70103281A499}.Release|Any CPU.Build.0 = Release|Any CPU
		{5B50D070-5202-4023-AD0F-B6C5993A72CD}.Debug|Any CPU.ActiveCfg = Debug|Any CPU
		{5B50D070-5202-4023-AD0F-B6C5993A72CD}.Debug|Any CPU.Build.0 = Debug|Any CPU
		{5B50D070-5202-4023-AD0F-B6C5993A72CD}.Release|Any CPU.ActiveCfg = Release|Any CPU
		{5B50D070-5202-4023-AD0F-B6C5993A72CD}.Release|Any CPU.Build.0 = Release|Any CPU
		{7594C65B-8DB9-449F-A8AF-183B0105D7EA}.Debug|Any CPU.ActiveCfg = Debug|Any CPU
		{7594C65B-8DB9-449F-A8AF-183B0105D7EA}.Debug|Any CPU.Build.0 = Debug|Any CPU
		{7594C65B-8DB9-449F-A8AF-183B0105D7EA}.Release|Any CPU.ActiveCfg = Release|Any CPU
		{7594C65B-8DB9-449F-A8AF-183B0105D7EA}.Release|Any CPU.Build.0 = Release|Any CPU
		{396FF2C4-4A65-4613-AF95-18BB31AEEF45}.Debug|Any CPU.ActiveCfg = Debug|Any CPU
		{396FF2C4-4A65-4613-AF95-18BB31AEEF45}.Debug|Any CPU.Build.0 = Debug|Any CPU
		{396FF2C4-4A65-4613-AF95-18BB31AEEF45}.Release|Any CPU.ActiveCfg = Release|Any CPU
		{396FF2C4-4A65-4613-AF95-18BB31AEEF45}.Release|Any CPU.Build.0 = Release|Any CPU
		{5B081477-5F6F-4E53-8D8E-46F8CF83524B}.Debug|Any CPU.ActiveCfg = Debug|Any CPU
		{5B081477-5F6F-4E53-8D8E-46F8CF83524B}.Debug|Any CPU.Build.0 = Debug|Any CPU
		{5B081477-5F6F-4E53-8D8E-46F8CF83524B}.Release|Any CPU.ActiveCfg = Release|Any CPU
		{5B081477-5F6F-4E53-8D8E-46F8CF83524B}.Release|Any CPU.Build.0 = Release|Any CPU
		{DFD78914-04AF-4127-A0E4-A8E2E37D6864}.Debug|Any CPU.ActiveCfg = Debug|Any CPU
		{DFD78914-04AF-4127-A0E4-A8E2E37D6864}.Debug|Any CPU.Build.0 = Debug|Any CPU
		{DFD78914-04AF-4127-A0E4-A8E2E37D6864}.Release|Any CPU.ActiveCfg = Release|Any CPU
		{DFD78914-04AF-4127-A0E4-A8E2E37D6864}.Release|Any CPU.Build.0 = Release|Any CPU
		{AB0575AF-235F-495A-ABFE-60EFAA5F493D}.Debug|Any CPU.ActiveCfg = Debug|Any CPU
		{AB0575AF-235F-495A-ABFE-60EFAA5F493D}.Debug|Any CPU.Build.0 = Debug|Any CPU
		{AB0575AF-235F-495A-ABFE-60EFAA5F493D}.Release|Any CPU.ActiveCfg = Release|Any CPU
		{AB0575AF-235F-495A-ABFE-60EFAA5F493D}.Release|Any CPU.Build.0 = Release|Any CPU
		{71483200-0903-41FD-87E8-AA57AFE2EAB7}.Debug|Any CPU.ActiveCfg = Debug|Any CPU
		{71483200-0903-41FD-87E8-AA57AFE2EAB7}.Debug|Any CPU.Build.0 = Debug|Any CPU
		{71483200-0903-41FD-87E8-AA57AFE2EAB7}.Release|Any CPU.ActiveCfg = Release|Any CPU
		{71483200-0903-41FD-87E8-AA57AFE2EAB7}.Release|Any CPU.Build.0 = Release|Any CPU
		{B2329D59-4721-4CFD-9EBF-7A61B6DACE4C}.Debug|Any CPU.ActiveCfg = Debug|Any CPU
		{B2329D59-4721-4CFD-9EBF-7A61B6DACE4C}.Debug|Any CPU.Build.0 = Debug|Any CPU
		{B2329D59-4721-4CFD-9EBF-7A61B6DACE4C}.Release|Any CPU.ActiveCfg = Release|Any CPU
		{B2329D59-4721-4CFD-9EBF-7A61B6DACE4C}.Release|Any CPU.Build.0 = Release|Any CPU
		{10C0AB35-D987-4270-9F5C-354B77641BFF}.Debug|Any CPU.ActiveCfg = Debug|Any CPU
		{10C0AB35-D987-4270-9F5C-354B77641BFF}.Debug|Any CPU.Build.0 = Debug|Any CPU
		{10C0AB35-D987-4270-9F5C-354B77641BFF}.Release|Any CPU.ActiveCfg = Release|Any CPU
		{10C0AB35-D987-4270-9F5C-354B77641BFF}.Release|Any CPU.Build.0 = Release|Any CPU
		{FA0AAE85-4E21-4023-8D6D-836095F9E75F}.Debug|Any CPU.ActiveCfg = Debug|Any CPU
		{FA0AAE85-4E21-4023-8D6D-836095F9E75F}.Debug|Any CPU.Build.0 = Debug|Any CPU
		{FA0AAE85-4E21-4023-8D6D-836095F9E75F}.Release|Any CPU.ActiveCfg = Release|Any CPU
		{FA0AAE85-4E21-4023-8D6D-836095F9E75F}.Release|Any CPU.Build.0 = Release|Any CPU
		{77198F39-E0A7-43DB-80C7-B9E41974492D}.Debug|Any CPU.ActiveCfg = Debug|Any CPU
		{77198F39-E0A7-43DB-80C7-B9E41974492D}.Debug|Any CPU.Build.0 = Debug|Any CPU
		{77198F39-E0A7-43DB-80C7-B9E41974492D}.Release|Any CPU.ActiveCfg = Release|Any CPU
		{77198F39-E0A7-43DB-80C7-B9E41974492D}.Release|Any CPU.Build.0 = Release|Any CPU
		{4A4940F2-AEF5-4CB7-A612-6649D87026BC}.Debug|Any CPU.ActiveCfg = Debug|Any CPU
		{4A4940F2-AEF5-4CB7-A612-6649D87026BC}.Debug|Any CPU.Build.0 = Debug|Any CPU
		{4A4940F2-AEF5-4CB7-A612-6649D87026BC}.Release|Any CPU.ActiveCfg = Release|Any CPU
		{4A4940F2-AEF5-4CB7-A612-6649D87026BC}.Release|Any CPU.Build.0 = Release|Any CPU
		{EF80D888-C953-47B6-9FBE-90C71A35EFD5}.Debug|Any CPU.ActiveCfg = Debug|Any CPU
		{EF80D888-C953-47B6-9FBE-90C71A35EFD5}.Debug|Any CPU.Build.0 = Debug|Any CPU
		{EF80D888-C953-47B6-9FBE-90C71A35EFD5}.Release|Any CPU.ActiveCfg = Release|Any CPU
		{EF80D888-C953-47B6-9FBE-90C71A35EFD5}.Release|Any CPU.Build.0 = Release|Any CPU
		{2D550272-22C3-4B94-952A-2704D9C13F85}.Debug|Any CPU.ActiveCfg = Debug|Any CPU
		{2D550272-22C3-4B94-952A-2704D9C13F85}.Debug|Any CPU.Build.0 = Debug|Any CPU
		{2D550272-22C3-4B94-952A-2704D9C13F85}.Release|Any CPU.ActiveCfg = Release|Any CPU
		{2D550272-22C3-4B94-952A-2704D9C13F85}.Release|Any CPU.Build.0 = Release|Any CPU
		{0DB59284-272E-4CCD-8D42-71F48FDE56B5}.Debug|Any CPU.ActiveCfg = Debug|Any CPU
		{0DB59284-272E-4CCD-8D42-71F48FDE56B5}.Debug|Any CPU.Build.0 = Debug|Any CPU
		{0DB59284-272E-4CCD-8D42-71F48FDE56B5}.Release|Any CPU.ActiveCfg = Release|Any CPU
		{0DB59284-272E-4CCD-8D42-71F48FDE56B5}.Release|Any CPU.Build.0 = Release|Any CPU
		{97CCD644-BB65-472F-95F7-4B406D772229}.Debug|Any CPU.ActiveCfg = Debug|Any CPU
		{97CCD644-BB65-472F-95F7-4B406D772229}.Debug|Any CPU.Build.0 = Debug|Any CPU
		{97CCD644-BB65-472F-95F7-4B406D772229}.Release|Any CPU.ActiveCfg = Release|Any CPU
		{97CCD644-BB65-472F-95F7-4B406D772229}.Release|Any CPU.Build.0 = Release|Any CPU
		{8CDA970F-344C-4EA4-AD7D-1DC483A8F02D}.Debug|Any CPU.ActiveCfg = Debug|Any CPU
		{8CDA970F-344C-4EA4-AD7D-1DC483A8F02D}.Debug|Any CPU.Build.0 = Debug|Any CPU
		{8CDA970F-344C-4EA4-AD7D-1DC483A8F02D}.Release|Any CPU.ActiveCfg = Release|Any CPU
		{8CDA970F-344C-4EA4-AD7D-1DC483A8F02D}.Release|Any CPU.Build.0 = Release|Any CPU
		{5A4BC34D-7B81-4512-8396-3F187D26298A}.Debug|Any CPU.ActiveCfg = Debug|Any CPU
		{5A4BC34D-7B81-4512-8396-3F187D26298A}.Debug|Any CPU.Build.0 = Debug|Any CPU
		{5A4BC34D-7B81-4512-8396-3F187D26298A}.Release|Any CPU.ActiveCfg = Release|Any CPU
		{5A4BC34D-7B81-4512-8396-3F187D26298A}.Release|Any CPU.Build.0 = Release|Any CPU
		{3B06E265-2EAF-496B-BC93-B92E113DA12C}.Debug|Any CPU.ActiveCfg = Debug|Any CPU
		{3B06E265-2EAF-496B-BC93-B92E113DA12C}.Debug|Any CPU.Build.0 = Debug|Any CPU
		{3B06E265-2EAF-496B-BC93-B92E113DA12C}.Release|Any CPU.ActiveCfg = Release|Any CPU
		{3B06E265-2EAF-496B-BC93-B92E113DA12C}.Release|Any CPU.Build.0 = Release|Any CPU
	EndGlobalSection
	GlobalSection(NestedProjects) = preSolution
		{7594C65B-8DB9-449F-A8AF-183B0105D7EA} = {780A5387-63AE-4B96-B3C7-24E2CB49F29D}
		{5B081477-5F6F-4E53-8D8E-46F8CF83524B} = {0B0A5734-773C-4F3E-B537-4DC36400BF9B}
		{DFD78914-04AF-4127-A0E4-A8E2E37D6864} = {0B0A5734-773C-4F3E-B537-4DC36400BF9B}
		{AB0575AF-235F-495A-ABFE-60EFAA5F493D} = {0B0A5734-773C-4F3E-B537-4DC36400BF9B}
		{71483200-0903-41FD-87E8-AA57AFE2EAB7} = {CF057F1D-6A81-4443-86FB-A256829E2EBF}
		{B2329D59-4721-4CFD-9EBF-7A61B6DACE4C} = {CF057F1D-6A81-4443-86FB-A256829E2EBF}
		{10C0AB35-D987-4270-9F5C-354B77641BFF} = {CF057F1D-6A81-4443-86FB-A256829E2EBF}
		{FA0AAE85-4E21-4023-8D6D-836095F9E75F} = {7CC59173-D906-45E0-B6AE-E06E2C1C3A2F}
		{77198F39-E0A7-43DB-80C7-B9E41974492D} = {7CC59173-D906-45E0-B6AE-E06E2C1C3A2F}
		{4A4940F2-AEF5-4CB7-A612-6649D87026BC} = {7CC59173-D906-45E0-B6AE-E06E2C1C3A2F}
		{EF80D888-C953-47B6-9FBE-90C71A35EFD5} = {4C922A78-46C7-4360-8D84-E85ACFE498BD}
		{2D550272-22C3-4B94-952A-2704D9C13F85} = {4C922A78-46C7-4360-8D84-E85ACFE498BD}
		{0DB59284-272E-4CCD-8D42-71F48FDE56B5} = {D9B1645F-DC6A-4D10-8630-A3CEFF3869D1}
		{97CCD644-BB65-472F-95F7-4B406D772229} = {D9B1645F-DC6A-4D10-8630-A3CEFF3869D1}
		{8CDA970F-344C-4EA4-AD7D-1DC483A8F02D} = {D9B1645F-DC6A-4D10-8630-A3CEFF3869D1}
		{5A4BC34D-7B81-4512-8396-3F187D26298A} = {D9B1645F-DC6A-4D10-8630-A3CEFF3869D1}
		{3B06E265-2EAF-496B-BC93-B92E113DA12C} = {45384A0C-CB48-4C97-8DDB-8EA9B66F1D77}
	EndGlobalSection
EndGlobal
